// !$*UTF8*$!
{
	archiveVersion = 1;
	classes = {
	};
	objectVersion = 56;
	objects = {

/* Begin PBXBuildFile section */
		004B11BC2DD071B000BB3CAE /* AvailableBusesCardTableViewCell.swift in Sources */ = {isa = PBXBuildFile; fileRef = 004B11BA2DD071B000BB3CAE /* AvailableBusesCardTableViewCell.swift */; };
		004B11BD2DD071B000BB3CAE /* AvailableBusesCardTableViewCell.xib in Resources */ = {isa = PBXBuildFile; fileRef = 004B11BB2DD071B000BB3CAE /* AvailableBusesCardTableViewCell.xib */; };
		006070772DD193A7009AB627 /* MockUserRepository.swift in Sources */ = {isa = PBXBuildFile; fileRef = 006070762DD193A7009AB627 /* MockUserRepository.swift */; };
		006070792DD193CF009AB627 /* MockBusRepository.swift in Sources */ = {isa = PBXBuildFile; fileRef = 006070782DD193CF009AB627 /* MockBusRepository.swift */; };
		0060707B2DD19402009AB627 /* HomeViewModelTests.swift in Sources */ = {isa = PBXBuildFile; fileRef = 0060707A2DD19402009AB627 /* HomeViewModelTests.swift */; };
		00CD4EA22DCF269200F7A801 /* AppDelegate.swift in Sources */ = {isa = PBXBuildFile; fileRef = 00CD4EA12DCF269200F7A801 /* AppDelegate.swift */; };
		00CD4EA42DCF269200F7A801 /* SceneDelegate.swift in Sources */ = {isa = PBXBuildFile; fileRef = 00CD4EA32DCF269200F7A801 /* SceneDelegate.swift */; };
		00CD4EA62DCF269200F7A801 /* ViewController.swift in Sources */ = {isa = PBXBuildFile; fileRef = 00CD4EA52DCF269200F7A801 /* ViewController.swift */; };
		00CD4EA92DCF269200F7A801 /* Base in Resources */ = {isa = PBXBuildFile; fileRef = 00CD4EA82DCF269200F7A801 /* Base */; };
		00CD4EAC2DCF269200F7A801 /* LankaBusRide.xcdatamodeld in Sources */ = {isa = PBXBuildFile; fileRef = 00CD4EAA2DCF269200F7A801 /* LankaBusRide.xcdatamodeld */; };
		00CD4EAE2DCF269300F7A801 /* Assets.xcassets in Resources */ = {isa = PBXBuildFile; fileRef = 00CD4EAD2DCF269300F7A801 /* Assets.xcassets */; };
		00CD4EB12DCF269300F7A801 /* Base in Resources */ = {isa = PBXBuildFile; fileRef = 00CD4EB02DCF269300F7A801 /* Base */; };
		00CD4EBC2DCF269300F7A801 /* LankaBusRideTests.swift in Sources */ = {isa = PBXBuildFile; fileRef = 00CD4EBB2DCF269300F7A801 /* LankaBusRideTests.swift */; };
		00CD4EC62DCF269300F7A801 /* LankaBusRideUITests.swift in Sources */ = {isa = PBXBuildFile; fileRef = 00CD4EC52DCF269300F7A801 /* LankaBusRideUITests.swift */; };
		00CD4EC82DCF269300F7A801 /* LankaBusRideUITestsLaunchTests.swift in Sources */ = {isa = PBXBuildFile; fileRef = 00CD4EC72DCF269300F7A801 /* LankaBusRideUITestsLaunchTests.swift */; };
		00CD4ED92DCF2C0D00F7A801 /* APIManager.swift in Sources */ = {isa = PBXBuildFile; fileRef = 00CD4ED82DCF2C0D00F7A801 /* APIManager.swift */; };
		00CD4EDB2DCF2C3000F7A801 /* Endpoints.swift in Sources */ = {isa = PBXBuildFile; fileRef = 00CD4EDA2DCF2C3000F7A801 /* Endpoints.swift */; };
		00CD4EE62DCF2D7700F7A801 /* BusRouteDTO.swift in Sources */ = {isa = PBXBuildFile; fileRef = 00CD4EE52DCF2D7700F7A801 /* BusRouteDTO.swift */; };
		00CD4EE82DCF2DB600F7A801 /* BusRoute.swift in Sources */ = {isa = PBXBuildFile; fileRef = 00CD4EE72DCF2DB600F7A801 /* BusRoute.swift */; };
		00CD4EEA2DCF2E9200F7A801 /* BusRepository.swift in Sources */ = {isa = PBXBuildFile; fileRef = 00CD4EE92DCF2E9200F7A801 /* BusRepository.swift */; };
		00CD4EEC2DCF2F3D00F7A801 /* HomeViewModel.swift in Sources */ = {isa = PBXBuildFile; fileRef = 00CD4EEB2DCF2F3D00F7A801 /* HomeViewModel.swift */; };
		00CD4EEE2DCF2F8800F7A801 /* Home.storyboard in Resources */ = {isa = PBXBuildFile; fileRef = 00CD4EED2DCF2F8800F7A801 /* Home.storyboard */; };
		00CD4EF02DCF2FB400F7A801 /* HomeViewController.swift in Sources */ = {isa = PBXBuildFile; fileRef = 00CD4EEF2DCF2FB400F7A801 /* HomeViewController.swift */; };
		00CD4EF22DCF312300F7A801 /* NetworkError+Extensions.swift in Sources */ = {isa = PBXBuildFile; fileRef = 00CD4EF12DCF312300F7A801 /* NetworkError+Extensions.swift */; };
		00CD4EF42DCF316600F7A801 /* NetworkError.swift in Sources */ = {isa = PBXBuildFile; fileRef = 00CD4EF32DCF316600F7A801 /* NetworkError.swift */; };
		00CD4EF92DCF391000F7A801 /* BusRouteDTO+Extensions.swift in Sources */ = {isa = PBXBuildFile; fileRef = 00CD4EF82DCF391000F7A801 /* BusRouteDTO+Extensions.swift */; };
		00CD4EFB2DCF3D0A00F7A801 /* UserDTO.swift in Sources */ = {isa = PBXBuildFile; fileRef = 00CD4EFA2DCF3D0A00F7A801 /* UserDTO.swift */; };
		00CD4EFD2DCF3DCB00F7A801 /* UserRepository.swift in Sources */ = {isa = PBXBuildFile; fileRef = 00CD4EFC2DCF3DCB00F7A801 /* UserRepository.swift */; };
		00CD4EFF2DCF3E2700F7A801 /* User.swift in Sources */ = {isa = PBXBuildFile; fileRef = 00CD4EFE2DCF3E2700F7A801 /* User.swift */; };
		00CD4F012DCF3FA600F7A801 /* UserDTO+Extensions.swift in Sources */ = {isa = PBXBuildFile; fileRef = 00CD4F002DCF3FA600F7A801 /* UserDTO+Extensions.swift */; };
/* End PBXBuildFile section */

/* Begin PBXContainerItemProxy section */
		00CD4EB82DCF269300F7A801 /* PBXContainerItemProxy */ = {
			isa = PBXContainerItemProxy;
			containerPortal = 00CD4E962DCF269200F7A801 /* Project object */;
			proxyType = 1;
			remoteGlobalIDString = 00CD4E9D2DCF269200F7A801;
			remoteInfo = LankaBusRide;
		};
		00CD4EC22DCF269300F7A801 /* PBXContainerItemProxy */ = {
			isa = PBXContainerItemProxy;
			containerPortal = 00CD4E962DCF269200F7A801 /* Project object */;
			proxyType = 1;
			remoteGlobalIDString = 00CD4E9D2DCF269200F7A801;
			remoteInfo = LankaBusRide;
		};
/* End PBXContainerItemProxy section */

/* Begin PBXFileReference section */
		004B11BA2DD071B000BB3CAE /* AvailableBusesCardTableViewCell.swift */ = {isa = PBXFileReference; lastKnownFileType = sourcecode.swift; path = AvailableBusesCardTableViewCell.swift; sourceTree = "<group>"; };
		004B11BB2DD071B000BB3CAE /* AvailableBusesCardTableViewCell.xib */ = {isa = PBXFileReference; lastKnownFileType = file.xib; path = AvailableBusesCardTableViewCell.xib; sourceTree = "<group>"; };
		006070762DD193A7009AB627 /* MockUserRepository.swift */ = {isa = PBXFileReference; lastKnownFileType = sourcecode.swift; path = MockUserRepository.swift; sourceTree = "<group>"; };
		006070782DD193CF009AB627 /* MockBusRepository.swift */ = {isa = PBXFileReference; lastKnownFileType = sourcecode.swift; path = MockBusRepository.swift; sourceTree = "<group>"; };
		0060707A2DD19402009AB627 /* HomeViewModelTests.swift */ = {isa = PBXFileReference; lastKnownFileType = sourcecode.swift; path = HomeViewModelTests.swift; sourceTree = "<group>"; };
		00CD4E9E2DCF269200F7A801 /* LankaBusRide.app */ = {isa = PBXFileReference; explicitFileType = wrapper.application; includeInIndex = 0; path = LankaBusRide.app; sourceTree = BUILT_PRODUCTS_DIR; };
		00CD4EA12DCF269200F7A801 /* AppDelegate.swift */ = {isa = PBXFileReference; lastKnownFileType = sourcecode.swift; path = AppDelegate.swift; sourceTree = "<group>"; };
		00CD4EA32DCF269200F7A801 /* SceneDelegate.swift */ = {isa = PBXFileReference; lastKnownFileType = sourcecode.swift; path = SceneDelegate.swift; sourceTree = "<group>"; };
		00CD4EA52DCF269200F7A801 /* ViewController.swift */ = {isa = PBXFileReference; lastKnownFileType = sourcecode.swift; path = ViewController.swift; sourceTree = "<group>"; };
		00CD4EA82DCF269200F7A801 /* Base */ = {isa = PBXFileReference; lastKnownFileType = file.storyboard; name = Base; path = Base.lproj/Main.storyboard; sourceTree = "<group>"; };
		00CD4EAB2DCF269200F7A801 /* LankaBusRide.xcdatamodel */ = {isa = PBXFileReference; lastKnownFileType = wrapper.xcdatamodel; path = LankaBusRide.xcdatamodel; sourceTree = "<group>"; };
		00CD4EAD2DCF269300F7A801 /* Assets.xcassets */ = {isa = PBXFileReference; lastKnownFileType = folder.assetcatalog; path = Assets.xcassets; sourceTree = "<group>"; };
		00CD4EB02DCF269300F7A801 /* Base */ = {isa = PBXFileReference; lastKnownFileType = file.storyboard; name = Base; path = Base.lproj/LaunchScreen.storyboard; sourceTree = "<group>"; };
		00CD4EB22DCF269300F7A801 /* Info.plist */ = {isa = PBXFileReference; lastKnownFileType = text.plist.xml; path = Info.plist; sourceTree = "<group>"; };
		00CD4EB72DCF269300F7A801 /* LankaBusRideTests.xctest */ = {isa = PBXFileReference; explicitFileType = wrapper.cfbundle; includeInIndex = 0; path = LankaBusRideTests.xctest; sourceTree = BUILT_PRODUCTS_DIR; };
		00CD4EBB2DCF269300F7A801 /* LankaBusRideTests.swift */ = {isa = PBXFileReference; lastKnownFileType = sourcecode.swift; path = LankaBusRideTests.swift; sourceTree = "<group>"; };
		00CD4EC12DCF269300F7A801 /* LankaBusRideUITests.xctest */ = {isa = PBXFileReference; explicitFileType = wrapper.cfbundle; includeInIndex = 0; path = LankaBusRideUITests.xctest; sourceTree = BUILT_PRODUCTS_DIR; };
		00CD4EC52DCF269300F7A801 /* LankaBusRideUITests.swift */ = {isa = PBXFileReference; lastKnownFileType = sourcecode.swift; path = LankaBusRideUITests.swift; sourceTree = "<group>"; };
		00CD4EC72DCF269300F7A801 /* LankaBusRideUITestsLaunchTests.swift */ = {isa = PBXFileReference; lastKnownFileType = sourcecode.swift; path = LankaBusRideUITestsLaunchTests.swift; sourceTree = "<group>"; };
		00CD4ED82DCF2C0D00F7A801 /* APIManager.swift */ = {isa = PBXFileReference; lastKnownFileType = sourcecode.swift; path = APIManager.swift; sourceTree = "<group>"; };
		00CD4EDA2DCF2C3000F7A801 /* Endpoints.swift */ = {isa = PBXFileReference; lastKnownFileType = sourcecode.swift; path = Endpoints.swift; sourceTree = "<group>"; };
		00CD4EE52DCF2D7700F7A801 /* BusRouteDTO.swift */ = {isa = PBXFileReference; lastKnownFileType = sourcecode.swift; path = BusRouteDTO.swift; sourceTree = "<group>"; };
		00CD4EE72DCF2DB600F7A801 /* BusRoute.swift */ = {isa = PBXFileReference; lastKnownFileType = sourcecode.swift; path = BusRoute.swift; sourceTree = "<group>"; };
		00CD4EE92DCF2E9200F7A801 /* BusRepository.swift */ = {isa = PBXFileReference; lastKnownFileType = sourcecode.swift; path = BusRepository.swift; sourceTree = "<group>"; };
		00CD4EEB2DCF2F3D00F7A801 /* HomeViewModel.swift */ = {isa = PBXFileReference; lastKnownFileType = sourcecode.swift; path = HomeViewModel.swift; sourceTree = "<group>"; };
		00CD4EED2DCF2F8800F7A801 /* Home.storyboard */ = {isa = PBXFileReference; lastKnownFileType = file.storyboard; path = Home.storyboard; sourceTree = "<group>"; };
		00CD4EEF2DCF2FB400F7A801 /* HomeViewController.swift */ = {isa = PBXFileReference; lastKnownFileType = sourcecode.swift; path = HomeViewController.swift; sourceTree = "<group>"; };
		00CD4EF12DCF312300F7A801 /* NetworkError+Extensions.swift */ = {isa = PBXFileReference; lastKnownFileType = sourcecode.swift; path = "NetworkError+Extensions.swift"; sourceTree = "<group>"; };
		00CD4EF32DCF316600F7A801 /* NetworkError.swift */ = {isa = PBXFileReference; lastKnownFileType = sourcecode.swift; path = NetworkError.swift; sourceTree = "<group>"; };
		00CD4EF82DCF391000F7A801 /* BusRouteDTO+Extensions.swift */ = {isa = PBXFileReference; lastKnownFileType = sourcecode.swift; path = "BusRouteDTO+Extensions.swift"; sourceTree = "<group>"; };
		00CD4EFA2DCF3D0A00F7A801 /* UserDTO.swift */ = {isa = PBXFileReference; lastKnownFileType = sourcecode.swift; path = UserDTO.swift; sourceTree = "<group>"; };
		00CD4EFC2DCF3DCB00F7A801 /* UserRepository.swift */ = {isa = PBXFileReference; lastKnownFileType = sourcecode.swift; path = UserRepository.swift; sourceTree = "<group>"; };
		00CD4EFE2DCF3E2700F7A801 /* User.swift */ = {isa = PBXFileReference; lastKnownFileType = sourcecode.swift; path = User.swift; sourceTree = "<group>"; };
		00CD4F002DCF3FA600F7A801 /* UserDTO+Extensions.swift */ = {isa = PBXFileReference; lastKnownFileType = sourcecode.swift; path = "UserDTO+Extensions.swift"; sourceTree = "<group>"; };
/* End PBXFileReference section */

/* Begin PBXFrameworksBuildPhase section */
		00CD4E9B2DCF269200F7A801 /* Frameworks */ = {
			isa = PBXFrameworksBuildPhase;
			buildActionMask = 2147483647;
			files = (
			);
			runOnlyForDeploymentPostprocessing = 0;
		};
		00CD4EB42DCF269300F7A801 /* Frameworks */ = {
			isa = PBXFrameworksBuildPhase;
			buildActionMask = 2147483647;
			files = (
			);
			runOnlyForDeploymentPostprocessing = 0;
		};
		00CD4EBE2DCF269300F7A801 /* Frameworks */ = {
			isa = PBXFrameworksBuildPhase;
			buildActionMask = 2147483647;
			files = (
			);
			runOnlyForDeploymentPostprocessing = 0;
		};
/* End PBXFrameworksBuildPhase section */

/* Begin PBXGroup section */
		006070752DD1938B009AB627 /* Mocks */ = {
			isa = PBXGroup;
			children = (
				006070762DD193A7009AB627 /* MockUserRepository.swift */,
				006070782DD193CF009AB627 /* MockBusRepository.swift */,
			);
			path = Mocks;
			sourceTree = "<group>";
		};
		00CD4E952DCF269200F7A801 = {
			isa = PBXGroup;
			children = (
				00CD4EA02DCF269200F7A801 /* LankaBusRide */,
				00CD4EBA2DCF269300F7A801 /* LankaBusRideTests */,
				00CD4EC42DCF269300F7A801 /* LankaBusRideUITests */,
				00CD4E9F2DCF269200F7A801 /* Products */,
			);
			sourceTree = "<group>";
		};
		00CD4E9F2DCF269200F7A801 /* Products */ = {
			isa = PBXGroup;
			children = (
				00CD4E9E2DCF269200F7A801 /* LankaBusRide.app */,
				00CD4EB72DCF269300F7A801 /* LankaBusRideTests.xctest */,
				00CD4EC12DCF269300F7A801 /* LankaBusRideUITests.xctest */,
			);
			name = Products;
			sourceTree = "<group>";
		};
		00CD4EA02DCF269200F7A801 /* LankaBusRide */ = {
			isa = PBXGroup;
			children = (
				00CD4EDD2DCF2C6600F7A801 /* Utilities */,
				00CD4ED72DCF295700F7A801 /* Home */,
				00CD4ED42DCF285A00F7A801 /* Network */,
				00CD4EA12DCF269200F7A801 /* AppDelegate.swift */,
				00CD4EA32DCF269200F7A801 /* SceneDelegate.swift */,
				00CD4EA52DCF269200F7A801 /* ViewController.swift */,
				00CD4EA72DCF269200F7A801 /* Main.storyboard */,
				00CD4EAD2DCF269300F7A801 /* Assets.xcassets */,
				00CD4EAF2DCF269300F7A801 /* LaunchScreen.storyboard */,
				00CD4EB22DCF269300F7A801 /* Info.plist */,
				00CD4EAA2DCF269200F7A801 /* LankaBusRide.xcdatamodeld */,
			);
			path = LankaBusRide;
			sourceTree = "<group>";
		};
		00CD4EBA2DCF269300F7A801 /* LankaBusRideTests */ = {
			isa = PBXGroup;
			children = (
				006070752DD1938B009AB627 /* Mocks */,
				00CD4EBB2DCF269300F7A801 /* LankaBusRideTests.swift */,
				0060707A2DD19402009AB627 /* HomeViewModelTests.swift */,
			);
			path = LankaBusRideTests;
			sourceTree = "<group>";
		};
		00CD4EC42DCF269300F7A801 /* LankaBusRideUITests */ = {
			isa = PBXGroup;
			children = (
				00CD4EC52DCF269300F7A801 /* LankaBusRideUITests.swift */,
				00CD4EC72DCF269300F7A801 /* LankaBusRideUITestsLaunchTests.swift */,
			);
			path = LankaBusRideUITests;
			sourceTree = "<group>";
		};
		00CD4ED42DCF285A00F7A801 /* Network */ = {
			isa = PBXGroup;
			children = (
				00CD4EE42DCF2D4100F7A801 /* Models */,
				00CD4EDC2DCF2C3800F7A801 /* Repository */,
				00CD4ED82DCF2C0D00F7A801 /* APIManager.swift */,
				00CD4EDA2DCF2C3000F7A801 /* Endpoints.swift */,
				00CD4EF32DCF316600F7A801 /* NetworkError.swift */,
			);
			path = Network;
			sourceTree = "<group>";
		};
		00CD4ED72DCF295700F7A801 /* Home */ = {
			isa = PBXGroup;
			children = (
				00CD4EE32DCF2CC000F7A801 /* Views */,
				00CD4EE22DCF2CB300F7A801 /* ViewModel */,
				00CD4EE12DCF2CA900F7A801 /* Model */,
			);
			path = Home;
			sourceTree = "<group>";
		};
		00CD4EDC2DCF2C3800F7A801 /* Repository */ = {
			isa = PBXGroup;
			children = (
				00CD4EE92DCF2E9200F7A801 /* BusRepository.swift */,
				00CD4EFC2DCF3DCB00F7A801 /* UserRepository.swift */,
			);
			path = Repository;
			sourceTree = "<group>";
		};
		00CD4EDD2DCF2C6600F7A801 /* Utilities */ = {
			isa = PBXGroup;
			children = (
				00CD4EE02DCF2C8E00F7A801 /* Constants */,
				00CD4EDF2DCF2C8500F7A801 /* Helpers */,
				00CD4EDE2DCF2C7A00F7A801 /* Extensions */,
			);
			path = Utilities;
			sourceTree = "<group>";
		};
		00CD4EDE2DCF2C7A00F7A801 /* Extensions */ = {
			isa = PBXGroup;
			children = (
				00CD4EF12DCF312300F7A801 /* NetworkError+Extensions.swift */,
				00CD4EF82DCF391000F7A801 /* BusRouteDTO+Extensions.swift */,
				00CD4F002DCF3FA600F7A801 /* UserDTO+Extensions.swift */,
			);
			path = Extensions;
			sourceTree = "<group>";
		};
		00CD4EDF2DCF2C8500F7A801 /* Helpers */ = {
			isa = PBXGroup;
			children = (
			);
			path = Helpers;
			sourceTree = "<group>";
		};
		00CD4EE02DCF2C8E00F7A801 /* Constants */ = {
			isa = PBXGroup;
			children = (
			);
			path = Constants;
			sourceTree = "<group>";
		};
		00CD4EE12DCF2CA900F7A801 /* Model */ = {
			isa = PBXGroup;
			children = (
				00CD4EE72DCF2DB600F7A801 /* BusRoute.swift */,
				00CD4EFE2DCF3E2700F7A801 /* User.swift */,
			);
			path = Model;
			sourceTree = "<group>";
		};
		00CD4EE22DCF2CB300F7A801 /* ViewModel */ = {
			isa = PBXGroup;
			children = (
				00CD4EEB2DCF2F3D00F7A801 /* HomeViewModel.swift */,
			);
			path = ViewModel;
			sourceTree = "<group>";
		};
		00CD4EE32DCF2CC000F7A801 /* Views */ = {
			isa = PBXGroup;
			children = (
				00CD4EF52DCF372D00F7A801 /* CustomViews */,
				00CD4EED2DCF2F8800F7A801 /* Home.storyboard */,
				00CD4EEF2DCF2FB400F7A801 /* HomeViewController.swift */,
			);
			path = Views;
			sourceTree = "<group>";
		};
		00CD4EE42DCF2D4100F7A801 /* Models */ = {
			isa = PBXGroup;
			children = (
				00CD4EE52DCF2D7700F7A801 /* BusRouteDTO.swift */,
				00CD4EFA2DCF3D0A00F7A801 /* UserDTO.swift */,
			);
			path = Models;
			sourceTree = "<group>";
		};
		00CD4EF52DCF372D00F7A801 /* CustomViews */ = {
			isa = PBXGroup;
			children = (
				004B11BA2DD071B000BB3CAE /* AvailableBusesCardTableViewCell.swift */,
				004B11BB2DD071B000BB3CAE /* AvailableBusesCardTableViewCell.xib */,
			);
			path = CustomViews;
			sourceTree = "<group>";
		};
/* End PBXGroup section */

/* Begin PBXNativeTarget section */
		00CD4E9D2DCF269200F7A801 /* LankaBusRide */ = {
			isa = PBXNativeTarget;
			buildConfigurationList = 00CD4ECB2DCF269300F7A801 /* Build configuration list for PBXNativeTarget "LankaBusRide" */;
			buildPhases = (
				00CD4E9A2DCF269200F7A801 /* Sources */,
				00CD4E9B2DCF269200F7A801 /* Frameworks */,
				00CD4E9C2DCF269200F7A801 /* Resources */,
			);
			buildRules = (
			);
			dependencies = (
			);
			name = LankaBusRide;
			productName = LankaBusRide;
			productReference = 00CD4E9E2DCF269200F7A801 /* LankaBusRide.app */;
			productType = "com.apple.product-type.application";
		};
		00CD4EB62DCF269300F7A801 /* LankaBusRideTests */ = {
			isa = PBXNativeTarget;
			buildConfigurationList = 00CD4ECE2DCF269300F7A801 /* Build configuration list for PBXNativeTarget "LankaBusRideTests" */;
			buildPhases = (
				00CD4EB32DCF269300F7A801 /* Sources */,
				00CD4EB42DCF269300F7A801 /* Frameworks */,
				00CD4EB52DCF269300F7A801 /* Resources */,
			);
			buildRules = (
			);
			dependencies = (
				00CD4EB92DCF269300F7A801 /* PBXTargetDependency */,
			);
			name = LankaBusRideTests;
			productName = LankaBusRideTests;
			productReference = 00CD4EB72DCF269300F7A801 /* LankaBusRideTests.xctest */;
			productType = "com.apple.product-type.bundle.unit-test";
		};
		00CD4EC02DCF269300F7A801 /* LankaBusRideUITests */ = {
			isa = PBXNativeTarget;
			buildConfigurationList = 00CD4ED12DCF269300F7A801 /* Build configuration list for PBXNativeTarget "LankaBusRideUITests" */;
			buildPhases = (
				00CD4EBD2DCF269300F7A801 /* Sources */,
				00CD4EBE2DCF269300F7A801 /* Frameworks */,
				00CD4EBF2DCF269300F7A801 /* Resources */,
			);
			buildRules = (
			);
			dependencies = (
				00CD4EC32DCF269300F7A801 /* PBXTargetDependency */,
			);
			name = LankaBusRideUITests;
			productName = LankaBusRideUITests;
			productReference = 00CD4EC12DCF269300F7A801 /* LankaBusRideUITests.xctest */;
			productType = "com.apple.product-type.bundle.ui-testing";
		};
/* End PBXNativeTarget section */

/* Begin PBXProject section */
		00CD4E962DCF269200F7A801 /* Project object */ = {
			isa = PBXProject;
			attributes = {
				BuildIndependentTargetsInParallel = 1;
				LastSwiftUpdateCheck = 1540;
				LastUpgradeCheck = 1540;
				TargetAttributes = {
					00CD4E9D2DCF269200F7A801 = {
						CreatedOnToolsVersion = 15.4;
					};
					00CD4EB62DCF269300F7A801 = {
						CreatedOnToolsVersion = 15.4;
						TestTargetID = 00CD4E9D2DCF269200F7A801;
					};
					00CD4EC02DCF269300F7A801 = {
						CreatedOnToolsVersion = 15.4;
						TestTargetID = 00CD4E9D2DCF269200F7A801;
					};
				};
			};
			buildConfigurationList = 00CD4E992DCF269200F7A801 /* Build configuration list for PBXProject "LankaBusRide" */;
			compatibilityVersion = "Xcode 14.0";
			developmentRegion = en;
			hasScannedForEncodings = 0;
			knownRegions = (
				en,
				Base,
			);
			mainGroup = 00CD4E952DCF269200F7A801;
			productRefGroup = 00CD4E9F2DCF269200F7A801 /* Products */;
			projectDirPath = "";
			projectRoot = "";
			targets = (
				00CD4E9D2DCF269200F7A801 /* LankaBusRide */,
				00CD4EB62DCF269300F7A801 /* LankaBusRideTests */,
				00CD4EC02DCF269300F7A801 /* LankaBusRideUITests */,
			);
		};
/* End PBXProject section */

/* Begin PBXResourcesBuildPhase section */
		00CD4E9C2DCF269200F7A801 /* Resources */ = {
			isa = PBXResourcesBuildPhase;
			buildActionMask = 2147483647;
			files = (
				00CD4EAE2DCF269300F7A801 /* Assets.xcassets in Resources */,
				00CD4EB12DCF269300F7A801 /* Base in Resources */,
				00CD4EEE2DCF2F8800F7A801 /* Home.storyboard in Resources */,
				00CD4EA92DCF269200F7A801 /* Base in Resources */,
				004B11BD2DD071B000BB3CAE /* AvailableBusesCardTableViewCell.xib in Resources */,
			);
			runOnlyForDeploymentPostprocessing = 0;
		};
		00CD4EB52DCF269300F7A801 /* Resources */ = {
			isa = PBXResourcesBuildPhase;
			buildActionMask = 2147483647;
			files = (
			);
			runOnlyForDeploymentPostprocessing = 0;
		};
		00CD4EBF2DCF269300F7A801 /* Resources */ = {
			isa = PBXResourcesBuildPhase;
			buildActionMask = 2147483647;
			files = (
			);
			runOnlyForDeploymentPostprocessing = 0;
		};
/* End PBXResourcesBuildPhase section */

/* Begin PBXSourcesBuildPhase section */
		00CD4E9A2DCF269200F7A801 /* Sources */ = {
			isa = PBXSourcesBuildPhase;
			buildActionMask = 2147483647;
			files = (
				00CD4EA62DCF269200F7A801 /* ViewController.swift in Sources */,
				00CD4EA22DCF269200F7A801 /* AppDelegate.swift in Sources */,
				00CD4F012DCF3FA600F7A801 /* UserDTO+Extensions.swift in Sources */,
				00CD4EF92DCF391000F7A801 /* BusRouteDTO+Extensions.swift in Sources */,
				00CD4EE82DCF2DB600F7A801 /* BusRoute.swift in Sources */,
				00CD4EF22DCF312300F7A801 /* NetworkError+Extensions.swift in Sources */,
				00CD4EFD2DCF3DCB00F7A801 /* UserRepository.swift in Sources */,
				00CD4EEC2DCF2F3D00F7A801 /* HomeViewModel.swift in Sources */,
				00CD4ED92DCF2C0D00F7A801 /* APIManager.swift in Sources */,
				00CD4EAC2DCF269200F7A801 /* LankaBusRide.xcdatamodeld in Sources */,
				00CD4EEA2DCF2E9200F7A801 /* BusRepository.swift in Sources */,
				00CD4EF02DCF2FB400F7A801 /* HomeViewController.swift in Sources */,
				00CD4EDB2DCF2C3000F7A801 /* Endpoints.swift in Sources */,
				00CD4EF42DCF316600F7A801 /* NetworkError.swift in Sources */,
				00CD4EFF2DCF3E2700F7A801 /* User.swift in Sources */,
				004B11BC2DD071B000BB3CAE /* AvailableBusesCardTableViewCell.swift in Sources */,
				00CD4EE62DCF2D7700F7A801 /* BusRouteDTO.swift in Sources */,
				00CD4EFB2DCF3D0A00F7A801 /* UserDTO.swift in Sources */,
				00CD4EA42DCF269200F7A801 /* SceneDelegate.swift in Sources */,
			);
			runOnlyForDeploymentPostprocessing = 0;
		};
		00CD4EB32DCF269300F7A801 /* Sources */ = {
			isa = PBXSourcesBuildPhase;
			buildActionMask = 2147483647;
			files = (
				006070772DD193A7009AB627 /* MockUserRepository.swift in Sources */,
				00CD4EBC2DCF269300F7A801 /* LankaBusRideTests.swift in Sources */,
				006070792DD193CF009AB627 /* MockBusRepository.swift in Sources */,
				0060707B2DD19402009AB627 /* HomeViewModelTests.swift in Sources */,
			);
			runOnlyForDeploymentPostprocessing = 0;
		};
		00CD4EBD2DCF269300F7A801 /* Sources */ = {
			isa = PBXSourcesBuildPhase;
			buildActionMask = 2147483647;
			files = (
				00CD4EC62DCF269300F7A801 /* LankaBusRideUITests.swift in Sources */,
				00CD4EC82DCF269300F7A801 /* LankaBusRideUITestsLaunchTests.swift in Sources */,
			);
			runOnlyForDeploymentPostprocessing = 0;
		};
/* End PBXSourcesBuildPhase section */

/* Begin PBXTargetDependency section */
		00CD4EB92DCF269300F7A801 /* PBXTargetDependency */ = {
			isa = PBXTargetDependency;
			target = 00CD4E9D2DCF269200F7A801 /* LankaBusRide */;
			targetProxy = 00CD4EB82DCF269300F7A801 /* PBXContainerItemProxy */;
		};
		00CD4EC32DCF269300F7A801 /* PBXTargetDependency */ = {
			isa = PBXTargetDependency;
			target = 00CD4E9D2DCF269200F7A801 /* LankaBusRide */;
			targetProxy = 00CD4EC22DCF269300F7A801 /* PBXContainerItemProxy */;
		};
/* End PBXTargetDependency section */

/* Begin PBXVariantGroup section */
		00CD4EA72DCF269200F7A801 /* Main.storyboard */ = {
			isa = PBXVariantGroup;
			children = (
				00CD4EA82DCF269200F7A801 /* Base */,
			);
			name = Main.storyboard;
			sourceTree = "<group>";
		};
		00CD4EAF2DCF269300F7A801 /* LaunchScreen.storyboard */ = {
			isa = PBXVariantGroup;
			children = (
				00CD4EB02DCF269300F7A801 /* Base */,
			);
			name = LaunchScreen.storyboard;
			sourceTree = "<group>";
		};
/* End PBXVariantGroup section */

/* Begin XCBuildConfiguration section */
		00CD4EC92DCF269300F7A801 /* Debug */ = {
			isa = XCBuildConfiguration;
			buildSettings = {
				ALWAYS_SEARCH_USER_PATHS = NO;
				ASSETCATALOG_COMPILER_GENERATE_SWIFT_ASSET_SYMBOL_EXTENSIONS = YES;
				CLANG_ANALYZER_NONNULL = YES;
				CLANG_ANALYZER_NUMBER_OBJECT_CONVERSION = YES_AGGRESSIVE;
				CLANG_CXX_LANGUAGE_STANDARD = "gnu++20";
				CLANG_ENABLE_MODULES = YES;
				CLANG_ENABLE_OBJC_ARC = YES;
				CLANG_ENABLE_OBJC_WEAK = YES;
				CLANG_WARN_BLOCK_CAPTURE_AUTORELEASING = YES;
				CLANG_WARN_BOOL_CONVERSION = YES;
				CLANG_WARN_COMMA = YES;
				CLANG_WARN_CONSTANT_CONVERSION = YES;
				CLANG_WARN_DEPRECATED_OBJC_IMPLEMENTATIONS = YES;
				CLANG_WARN_DIRECT_OBJC_ISA_USAGE = YES_ERROR;
				CLANG_WARN_DOCUMENTATION_COMMENTS = YES;
				CLANG_WARN_EMPTY_BODY = YES;
				CLANG_WARN_ENUM_CONVERSION = YES;
				CLANG_WARN_INFINITE_RECURSION = YES;
				CLANG_WARN_INT_CONVERSION = YES;
				CLANG_WARN_NON_LITERAL_NULL_CONVERSION = YES;
				CLANG_WARN_OBJC_IMPLICIT_RETAIN_SELF = YES;
				CLANG_WARN_OBJC_LITERAL_CONVERSION = YES;
				CLANG_WARN_OBJC_ROOT_CLASS = YES_ERROR;
				CLANG_WARN_QUOTED_INCLUDE_IN_FRAMEWORK_HEADER = YES;
				CLANG_WARN_RANGE_LOOP_ANALYSIS = YES;
				CLANG_WARN_STRICT_PROTOTYPES = YES;
				CLANG_WARN_SUSPICIOUS_MOVE = YES;
				CLANG_WARN_UNGUARDED_AVAILABILITY = YES_AGGRESSIVE;
				CLANG_WARN_UNREACHABLE_CODE = YES;
				CLANG_WARN__DUPLICATE_METHOD_MATCH = YES;
				COPY_PHASE_STRIP = NO;
				DEBUG_INFORMATION_FORMAT = dwarf;
				ENABLE_STRICT_OBJC_MSGSEND = YES;
				ENABLE_TESTABILITY = YES;
				ENABLE_USER_SCRIPT_SANDBOXING = YES;
				GCC_C_LANGUAGE_STANDARD = gnu17;
				GCC_DYNAMIC_NO_PIC = NO;
				GCC_NO_COMMON_BLOCKS = YES;
				GCC_OPTIMIZATION_LEVEL = 0;
				GCC_PREPROCESSOR_DEFINITIONS = (
					"DEBUG=1",
					"$(inherited)",
				);
				GCC_WARN_64_TO_32_BIT_CONVERSION = YES;
				GCC_WARN_ABOUT_RETURN_TYPE = YES_ERROR;
				GCC_WARN_UNDECLARED_SELECTOR = YES;
				GCC_WARN_UNINITIALIZED_AUTOS = YES_AGGRESSIVE;
				GCC_WARN_UNUSED_FUNCTION = YES;
				GCC_WARN_UNUSED_VARIABLE = YES;
				IPHONEOS_DEPLOYMENT_TARGET = 17.5;
				LOCALIZATION_PREFERS_STRING_CATALOGS = YES;
				MTL_ENABLE_DEBUG_INFO = INCLUDE_SOURCE;
				MTL_FAST_MATH = YES;
				ONLY_ACTIVE_ARCH = YES;
				SDKROOT = iphoneos;
				SWIFT_ACTIVE_COMPILATION_CONDITIONS = "DEBUG $(inherited)";
				SWIFT_OPTIMIZATION_LEVEL = "-Onone";
			};
			name = Debug;
		};
		00CD4ECA2DCF269300F7A801 /* Release */ = {
			isa = XCBuildConfiguration;
			buildSettings = {
				ALWAYS_SEARCH_USER_PATHS = NO;
				ASSETCATALOG_COMPILER_GENERATE_SWIFT_ASSET_SYMBOL_EXTENSIONS = YES;
				CLANG_ANALYZER_NONNULL = YES;
				CLANG_ANALYZER_NUMBER_OBJECT_CONVERSION = YES_AGGRESSIVE;
				CLANG_CXX_LANGUAGE_STANDARD = "gnu++20";
				CLANG_ENABLE_MODULES = YES;
				CLANG_ENABLE_OBJC_ARC = YES;
				CLANG_ENABLE_OBJC_WEAK = YES;
				CLANG_WARN_BLOCK_CAPTURE_AUTORELEASING = YES;
				CLANG_WARN_BOOL_CONVERSION = YES;
				CLANG_WARN_COMMA = YES;
				CLANG_WARN_CONSTANT_CONVERSION = YES;
				CLANG_WARN_DEPRECATED_OBJC_IMPLEMENTATIONS = YES;
				CLANG_WARN_DIRECT_OBJC_ISA_USAGE = YES_ERROR;
				CLANG_WARN_DOCUMENTATION_COMMENTS = YES;
				CLANG_WARN_EMPTY_BODY = YES;
				CLANG_WARN_ENUM_CONVERSION = YES;
				CLANG_WARN_INFINITE_RECURSION = YES;
				CLANG_WARN_INT_CONVERSION = YES;
				CLANG_WARN_NON_LITERAL_NULL_CONVERSION = YES;
				CLANG_WARN_OBJC_IMPLICIT_RETAIN_SELF = YES;
				CLANG_WARN_OBJC_LITERAL_CONVERSION = YES;
				CLANG_WARN_OBJC_ROOT_CLASS = YES_ERROR;
				CLANG_WARN_QUOTED_INCLUDE_IN_FRAMEWORK_HEADER = YES;
				CLANG_WARN_RANGE_LOOP_ANALYSIS = YES;
				CLANG_WARN_STRICT_PROTOTYPES = YES;
				CLANG_WARN_SUSPICIOUS_MOVE = YES;
				CLANG_WARN_UNGUARDED_AVAILABILITY = YES_AGGRESSIVE;
				CLANG_WARN_UNREACHABLE_CODE = YES;
				CLANG_WARN__DUPLICATE_METHOD_MATCH = YES;
				COPY_PHASE_STRIP = NO;
				DEBUG_INFORMATION_FORMAT = "dwarf-with-dsym";
				ENABLE_NS_ASSERTIONS = NO;
				ENABLE_STRICT_OBJC_MSGSEND = YES;
				ENABLE_USER_SCRIPT_SANDBOXING = YES;
				GCC_C_LANGUAGE_STANDARD = gnu17;
				GCC_NO_COMMON_BLOCKS = YES;
				GCC_WARN_64_TO_32_BIT_CONVERSION = YES;
				GCC_WARN_ABOUT_RETURN_TYPE = YES_ERROR;
				GCC_WARN_UNDECLARED_SELECTOR = YES;
				GCC_WARN_UNINITIALIZED_AUTOS = YES_AGGRESSIVE;
				GCC_WARN_UNUSED_FUNCTION = YES;
				GCC_WARN_UNUSED_VARIABLE = YES;
				IPHONEOS_DEPLOYMENT_TARGET = 17.5;
				LOCALIZATION_PREFERS_STRING_CATALOGS = YES;
				MTL_ENABLE_DEBUG_INFO = NO;
				MTL_FAST_MATH = YES;
				SDKROOT = iphoneos;
				SWIFT_COMPILATION_MODE = wholemodule;
				VALIDATE_PRODUCT = YES;
			};
			name = Release;
		};
		00CD4ECC2DCF269300F7A801 /* Debug */ = {
			isa = XCBuildConfiguration;
			buildSettings = {
				ASSETCATALOG_COMPILER_APPICON_NAME = AppIcon;
				ASSETCATALOG_COMPILER_GLOBAL_ACCENT_COLOR_NAME = AccentColor;
				CODE_SIGN_STYLE = Automatic;
				CURRENT_PROJECT_VERSION = 1;
				DEVELOPMENT_TEAM = P38T7ZMMB6;
				GENERATE_INFOPLIST_FILE = YES;
				INFOPLIST_FILE = LankaBusRide/Info.plist;
				INFOPLIST_KEY_UIApplicationSupportsIndirectInputEvents = YES;
				INFOPLIST_KEY_UILaunchStoryboardName = LaunchScreen;
				INFOPLIST_KEY_UIMainStoryboardFile = Main;
				INFOPLIST_KEY_UISupportedInterfaceOrientations_iPad = "UIInterfaceOrientationPortrait UIInterfaceOrientationPortraitUpsideDown UIInterfaceOrientationLandscapeLeft UIInterfaceOrientationLandscapeRight";
				INFOPLIST_KEY_UISupportedInterfaceOrientations_iPhone = "UIInterfaceOrientationPortrait UIInterfaceOrientationLandscapeLeft UIInterfaceOrientationLandscapeRight";
				LD_RUNPATH_SEARCH_PATHS = (
					"$(inherited)",
					"@executable_path/Frameworks",
				);
				MARKETING_VERSION = 1.0;
				PRODUCT_BUNDLE_IDENTIFIER = com.rancreation.lankaBusRide.LankaBusRide;
				PRODUCT_NAME = "$(TARGET_NAME)";
				SWIFT_EMIT_LOC_STRINGS = YES;
				SWIFT_VERSION = 5.0;
				TARGETED_DEVICE_FAMILY = "1,2";
			};
			name = Debug;
		};
		00CD4ECD2DCF269300F7A801 /* Release */ = {
			isa = XCBuildConfiguration;
			buildSettings = {
				ASSETCATALOG_COMPILER_APPICON_NAME = AppIcon;
				ASSETCATALOG_COMPILER_GLOBAL_ACCENT_COLOR_NAME = AccentColor;
				CODE_SIGN_STYLE = Automatic;
				CURRENT_PROJECT_VERSION = 1;
				DEVELOPMENT_TEAM = P38T7ZMMB6;
				GENERATE_INFOPLIST_FILE = YES;
				INFOPLIST_FILE = LankaBusRide/Info.plist;
				INFOPLIST_KEY_UIApplicationSupportsIndirectInputEvents = YES;
				INFOPLIST_KEY_UILaunchStoryboardName = LaunchScreen;
				INFOPLIST_KEY_UIMainStoryboardFile = Main;
				INFOPLIST_KEY_UISupportedInterfaceOrientations_iPad = "UIInterfaceOrientationPortrait UIInterfaceOrientationPortraitUpsideDown UIInterfaceOrientationLandscapeLeft UIInterfaceOrientationLandscapeRight";
				INFOPLIST_KEY_UISupportedInterfaceOrientations_iPhone = "UIInterfaceOrientationPortrait UIInterfaceOrientationLandscapeLeft UIInterfaceOrientationLandscapeRight";
				LD_RUNPATH_SEARCH_PATHS = (
					"$(inherited)",
					"@executable_path/Frameworks",
				);
				MARKETING_VERSION = 1.0;
				PRODUCT_BUNDLE_IDENTIFIER = com.rancreation.lankaBusRide.LankaBusRide;
				PRODUCT_NAME = "$(TARGET_NAME)";
				SWIFT_EMIT_LOC_STRINGS = YES;
				SWIFT_VERSION = 5.0;
				TARGETED_DEVICE_FAMILY = "1,2";
			};
			name = Release;
		};
		00CD4ECF2DCF269300F7A801 /* Debug */ = {
			isa = XCBuildConfiguration;
			buildSettings = {
				ALWAYS_EMBED_SWIFT_STANDARD_LIBRARIES = YES;
				BUNDLE_LOADER = "$(TEST_HOST)";
				CODE_SIGN_STYLE = Automatic;
				CURRENT_PROJECT_VERSION = 1;
				DEVELOPMENT_TEAM = P38T7ZMMB6;
				GENERATE_INFOPLIST_FILE = YES;
				IPHONEOS_DEPLOYMENT_TARGET = 17.5;
				MARKETING_VERSION = 1.0;
				PRODUCT_BUNDLE_IDENTIFIER = com.rancreation.lankaBusRide.LankaBusRideTests;
				PRODUCT_NAME = "$(TARGET_NAME)";
				SWIFT_EMIT_LOC_STRINGS = NO;
				SWIFT_VERSION = 5.0;
				TARGETED_DEVICE_FAMILY = "1,2";
				TEST_HOST = "$(BUILT_PRODUCTS_DIR)/LankaBusRide.app/$(BUNDLE_EXECUTABLE_FOLDER_PATH)/LankaBusRide";
			};
			name = Debug;
		};
		00CD4ED02DCF269300F7A801 /* Release */ = {
			isa = XCBuildConfiguration;
			buildSettings = {
				ALWAYS_EMBED_SWIFT_STANDARD_LIBRARIES = YES;
				BUNDLE_LOADER = "$(TEST_HOST)";
				CODE_SIGN_STYLE = Automatic;
				CURRENT_PROJECT_VERSION = 1;
				DEVELOPMENT_TEAM = P38T7ZMMB6;
				GENERATE_INFOPLIST_FILE = YES;
				IPHONEOS_DEPLOYMENT_TARGET = 17.5;
				MARKETING_VERSION = 1.0;
				PRODUCT_BUNDLE_IDENTIFIER = com.rancreation.lankaBusRide.LankaBusRideTests;
				PRODUCT_NAME = "$(TARGET_NAME)";
				SWIFT_EMIT_LOC_STRINGS = NO;
				SWIFT_VERSION = 5.0;
				TARGETED_DEVICE_FAMILY = "1,2";
				TEST_HOST = "$(BUILT_PRODUCTS_DIR)/LankaBusRide.app/$(BUNDLE_EXECUTABLE_FOLDER_PATH)/LankaBusRide";
			};
			name = Release;
		};
		00CD4ED22DCF269300F7A801 /* Debug */ = {
			isa = XCBuildConfiguration;
			buildSettings = {
				ALWAYS_EMBED_SWIFT_STANDARD_LIBRARIES = YES;
				CODE_SIGN_STYLE = Automatic;
				CURRENT_PROJECT_VERSION = 1;
				DEVELOPMENT_TEAM = P38T7ZMMB6;
				GENERATE_INFOPLIST_FILE = YES;
				MARKETING_VERSION = 1.0;
				PRODUCT_BUNDLE_IDENTIFIER = com.rancreation.lankaBusRide.LankaBusRideUITests;
				PRODUCT_NAME = "$(TARGET_NAME)";
				SWIFT_EMIT_LOC_STRINGS = NO;
				SWIFT_VERSION = 5.0;
				TARGETED_DEVICE_FAMILY = "1,2";
				TEST_TARGET_NAME = LankaBusRide;
			};
			name = Debug;
		};
		00CD4ED32DCF269300F7A801 /* Release */ = {
			isa = XCBuildConfiguration;
			buildSettings = {
				ALWAYS_EMBED_SWIFT_STANDARD_LIBRARIES = YES;
				CODE_SIGN_STYLE = Automatic;
				CURRENT_PROJECT_VERSION = 1;
				DEVELOPMENT_TEAM = P38T7ZMMB6;
				GENERATE_INFOPLIST_FILE = YES;
				MARKETING_VERSION = 1.0;
				PRODUCT_BUNDLE_IDENTIFIER = com.rancreation.lankaBusRide.LankaBusRideUITests;
				PRODUCT_NAME = "$(TARGET_NAME)";
				SWIFT_EMIT_LOC_STRINGS = NO;
				SWIFT_VERSION = 5.0;
				TARGETED_DEVICE_FAMILY = "1,2";
				TEST_TARGET_NAME = LankaBusRide;
			};
			name = Release;
		};
/* End XCBuildConfiguration section */

/* Begin XCConfigurationList section */
		00CD4E992DCF269200F7A801 /* Build configuration list for PBXProject "LankaBusRide" */ = {
			isa = XCConfigurationList;
			buildConfigurations = (
				00CD4EC92DCF269300F7A801 /* Debug */,
				00CD4ECA2DCF269300F7A801 /* Release */,
			);
			defaultConfigurationIsVisible = 0;
			defaultConfigurationName = Release;
		};
		00CD4ECB2DCF269300F7A801 /* Build configuration list for PBXNativeTarget "LankaBusRide" */ = {
			isa = XCConfigurationList;
			buildConfigurations = (
				00CD4ECC2DCF269300F7A801 /* Debug */,
				00CD4ECD2DCF269300F7A801 /* Release */,
			);
			defaultConfigurationIsVisible = 0;
			defaultConfigurationName = Release;
		};
		00CD4ECE2DCF269300F7A801 /* Build configuration list for PBXNativeTarget "LankaBusRideTests" */ = {
			isa = XCConfigurationList;
			buildConfigurations = (
				00CD4ECF2DCF269300F7A801 /* Debug */,
				00CD4ED02DCF269300F7A801 /* Release */,
			);
			defaultConfigurationIsVisible = 0;
			defaultConfigurationName = Release;
		};
		00CD4ED12DCF269300F7A801 /* Build configuration list for PBXNativeTarget "LankaBusRideUITests" */ = {
			isa = XCConfigurationList;
			buildConfigurations = (
				00CD4ED22DCF269300F7A801 /* Debug */,
				00CD4ED32DCF269300F7A801 /* Release */,
			);
			defaultConfigurationIsVisible = 0;
			defaultConfigurationName = Release;
		};
/* End XCConfigurationList section */

/* Begin XCVersionGroup section */
		00CD4EAA2DCF269200F7A801 /* LankaBusRide.xcdatamodeld */ = {
			isa = XCVersionGroup;
			children = (
				00CD4EAB2DCF269200F7A801 /* LankaBusRide.xcdatamodel */,
			);
			currentVersion = 00CD4EAB2DCF269200F7A801 /* LankaBusRide.xcdatamodel */;
			path = LankaBusRide.xcdatamodeld;
			sourceTree = "<group>";
			versionGroupType = wrapper.xcdatamodel;
		};
/* End XCVersionGroup section */
	};
	rootObject = 00CD4E962DCF269200F7A801 /* Project object */;
}
